PODS:
  - Alamofire (5.4.1)
  - DropDown (2.3.13)
  - Kingfisher (6.2.1)
  - Moya/Core (14.0.0):
    - Alamofire (~> 5.0)
  - Moya/RxSwift (14.0.0):
    - Moya/Core
    - RxSwift (~> 5.0)
  - ObjectMapper (4.2.0)
  - RxCocoa (5.1.1):
    - RxRelay (~> 5)
    - RxSwift (~> 5)
  - RxRelay (5.1.1):
    - RxSwift (~> 5)
  - RxSwift (5.1.2)

DEPENDENCIES:
  - DropDown
  - Kingfisher
  - Moya/RxSwift (~> 14.0)
  - ObjectMapper
  - RxCocoa
  - RxSwift

SPEC REPOS:
  trunk:
    - Alamofire
    - DropDown
    - Kingfisher
    - Moya
    - ObjectMapper
    - RxCocoa
    - RxRelay
    - RxSwift

SPEC CHECKSUMS:
  Alamofire: 2291f7d21ca607c491dd17642e5d40fdcda0e65c
  DropDown: 8a2116376c1981888557f72ec2ffc9a5e0e456ec
  Kingfisher: e71c6fac2aebb1262888cabc2cb13d313362a48f
  Moya: 5b45dacb75adb009f97fde91c204c1e565d31916
  ObjectMapper: 1eb41f610210777375fa806bf161dc39fb832b81
  RxCocoa: 32065309a38d29b5b0db858819b5bf9ef038b601
  RxRelay: d77f7d771495f43c556cbc43eebd1bb54d01e8e9
  RxSwift: 1e2e1f9570186967f617e49128ed26ccf1bafc8e

PODFILE CHECKSUM: 2214c983da36f5bdcb78bebb89dd4b16a6109268

COCOAPODS: 1.10.1
